
Microsoft Visual Studio Solution File, Format Version 12.00
# Visual Studio 15
VisualStudioVersion = 15.0.26403.3
MinimumVisualStudioVersion = 10.0.40219.1
Project("{FAE04EC0-301F-11D3-BF4B-00C04F79EFBC}") = "Day01", "Day01\Day01.csproj", "{165FD62B-FC30-44A3-B4EC-3883A32E1602}"
EndProject
Project("{FAE04EC0-301F-11D3-BF4B-00C04F79EFBC}") = "Day02", "Day02\Day02.csproj", "{53B2761F-1377-4F57-8167-0C3549CEE87E}"
EndProject
Project("{FAE04EC0-301F-11D3-BF4B-00C04F79EFBC}") = "Day03", "Day03\Day03.csproj", "{079532CD-1292-4314-BA3D-0E9B8332773F}"
EndProject
Project("{FAE04EC0-301F-11D3-BF4B-00C04F79EFBC}") = "Day04", "Day04\Day04.csproj", "{17513EC4-E92D-488D-8C3D-E5FFB8ECFEA8}"
EndProject
Project("{FAE04EC0-301F-11D3-BF4B-00C04F79EFBC}") = "Day05", "Day05\Day05.csproj", "{B770C7D7-5D67-4FBF-9185-4CDCFC4CEB44}"
EndProject
Project("{FAE04EC0-301F-11D3-BF4B-00C04F79EFBC}") = "Day06", "Day06\Day06.csproj", "{01F11E1E-F166-4A38-A36A-DBC54A7560FA}"
EndProject
Project("{FAE04EC0-301F-11D3-BF4B-00C04F79EFBC}") = "Day07", "Day07\Day07.csproj", "{1C822619-2DAC-4760-BABB-1A9825647AC9}"
EndProject
Global
	GlobalSection(SolutionConfigurationPlatforms) = preSolution
		Debug|Any CPU = Debug|Any CPU
		Release|Any CPU = Release|Any CPU
	EndGlobalSection
	GlobalSection(ProjectConfigurationPlatforms) = postSolution
		{165FD62B-FC30-44A3-B4EC-3883A32E1602}.Debug|Any CPU.ActiveCfg = Debug|Any CPU
		{165FD62B-FC30-44A3-B4EC-3883A32E1602}.Debug|Any CPU.Build.0 = Debug|Any CPU
		{165FD62B-FC30-44A3-B4EC-3883A32E1602}.Release|Any CPU.ActiveCfg = Release|Any CPU
		{165FD62B-FC30-44A3-B4EC-3883A32E1602}.Release|Any CPU.Build.0 = Release|Any CPU
		{53B2761F-1377-4F57-8167-0C3549CEE87E}.Debug|Any CPU.ActiveCfg = Debug|Any CPU
		{53B2761F-1377-4F57-8167-0C3549CEE87E}.Debug|Any CPU.Build.0 = Debug|Any CPU
		{53B2761F-1377-4F57-8167-0C3549CEE87E}.Release|Any CPU.ActiveCfg = Release|Any CPU
		{53B2761F-1377-4F57-8167-0C3549CEE87E}.Release|Any CPU.Build.0 = Release|Any CPU
		{079532CD-1292-4314-BA3D-0E9B8332773F}.Debug|Any CPU.ActiveCfg = Debug|Any CPU
		{079532CD-1292-4314-BA3D-0E9B8332773F}.Debug|Any CPU.Build.0 = Debug|Any CPU
		{079532CD-1292-4314-BA3D-0E9B8332773F}.Release|Any CPU.ActiveCfg = Release|Any CPU
		{079532CD-1292-4314-BA3D-0E9B8332773F}.Release|Any CPU.Build.0 = Release|Any CPU
		{17513EC4-E92D-488D-8C3D-E5FFB8ECFEA8}.Debug|Any CPU.ActiveCfg = Debug|Any CPU
		{17513EC4-E92D-488D-8C3D-E5FFB8ECFEA8}.Debug|Any CPU.Build.0 = Debug|Any CPU
		{17513EC4-E92D-488D-8C3D-E5FFB8ECFEA8}.Release|Any CPU.ActiveCfg = Release|Any CPU
		{17513EC4-E92D-488D-8C3D-E5FFB8ECFEA8}.Release|Any CPU.Build.0 = Release|Any CPU
		{B770C7D7-5D67-4FBF-9185-4CDCFC4CEB44}.Debug|Any CPU.ActiveCfg = Debug|Any CPU
		{B770C7D7-5D67-4FBF-9185-4CDCFC4CEB44}.Debug|Any CPU.Build.0 = Debug|Any CPU
		{B770C7D7-5D67-4FBF-9185-4CDCFC4CEB44}.Release|Any CPU.ActiveCfg = Release|Any CPU
		{B770C7D7-5D67-4FBF-9185-4CDCFC4CEB44}.Release|Any CPU.Build.0 = Release|Any CPU
		{01F11E1E-F166-4A38-A36A-DBC54A7560FA}.Debug|Any CPU.ActiveCfg = Debug|Any CPU
		{01F11E1E-F166-4A38-A36A-DBC54A7560FA}.Debug|Any CPU.Build.0 = Debug|Any CPU
		{01F11E1E-F166-4A38-A36A-DBC54A7560FA}.Release|Any CPU.ActiveCfg = Release|Any CPU
		{01F11E1E-F166-4A38-A36A-DBC54A7560FA}.Release|Any CPU.Build.0 = Release|Any CPU
		{1C822619-2DAC-4760-BABB-1A9825647AC9}.Debug|Any CPU.ActiveCfg = Debug|Any CPU
		{1C822619-2DAC-4760-BABB-1A9825647AC9}.Debug|Any CPU.Build.0 = Debug|Any CPU
		{1C822619-2DAC-4760-BABB-1A9825647AC9}.Release|Any CPU.ActiveCfg = Release|Any CPU
		{1C822619-2DAC-4760-BABB-1A9825647AC9}.Release|Any CPU.Build.0 = Release|Any CPU
	EndGlobalSection
	GlobalSection(SolutionProperties) = preSolution
		HideSolutionNode = FALSE
	EndGlobalSection
EndGlobal
