
Microsoft Visual Studio Solution File, Format Version 12.00
# Visual Studio 15
VisualStudioVersion = 15.0.26403.3
MinimumVisualStudioVersion = 10.0.40219.1
Project("{FAE04EC0-301F-11D3-BF4B-00C04F79EFBC}") = "Day01", "Day01\Day01.csproj", "{165FD62B-FC30-44A3-B4EC-3883A32E1602}"
EndProject
Project("{FAE04EC0-301F-11D3-BF4B-00C04F79EFBC}") = "Day02", "Day02\Day02.csproj", "{53B2761F-1377-4F57-8167-0C3549CEE87E}"
EndProject
Project("{FAE04EC0-301F-11D3-BF4B-00C04F79EFBC}") = "Day03", "Day03\Day03.csproj", "{079532CD-1292-4314-BA3D-0E9B8332773F}"
EndProject
Project("{FAE04EC0-301F-11D3-BF4B-00C04F79EFBC}") = "Day04", "Day04\Day04.csproj", "{17513EC4-E92D-488D-8C3D-E5FFB8ECFEA8}"
EndProject
Project("{FAE04EC0-301F-11D3-BF4B-00C04F79EFBC}") = "Day05", "Day05\Day05.csproj", "{B770C7D7-5D67-4FBF-9185-4CDCFC4CEB44}"
EndProject
Project("{FAE04EC0-301F-11D3-BF4B-00C04F79EFBC}") = "Day06", "Day06\Day06.csproj", "{01F11E1E-F166-4A38-A36A-DBC54A7560FA}"
EndProject
Project("{FAE04EC0-301F-11D3-BF4B-00C04F79EFBC}") = "Day07", "Day07\Day07.csproj", "{1C822619-2DAC-4760-BABB-1A9825647AC9}"
EndProject
Project("{FAE04EC0-301F-11D3-BF4B-00C04F79EFBC}") = "Day08", "Day08\Day08.csproj", "{03348DEA-05D3-43D1-ADBD-AD5025978B0F}"
EndProject
Project("{FAE04EC0-301F-11D3-BF4B-00C04F79EFBC}") = "Day09", "Day09\Day09.csproj", "{FBFAFF44-01B5-4FFF-9F13-D58A083E2AF4}"
EndProject
Project("{FAE04EC0-301F-11D3-BF4B-00C04F79EFBC}") = "Day10", "Day10\Day10.csproj", "{300C0A30-56AC-4E61-9622-EE5A4E0E83EC}"
EndProject
Project("{FAE04EC0-301F-11D3-BF4B-00C04F79EFBC}") = "Day11", "Day11\Day11.csproj", "{D9246D0B-7161-4125-8CF7-FACE4F2C46E3}"
EndProject
Project("{FAE04EC0-301F-11D3-BF4B-00C04F79EFBC}") = "Day12", "Day12\Day12.csproj", "{40EE415D-7CFD-4954-8E6F-1FF98A0440A2}"
EndProject
Project("{FAE04EC0-301F-11D3-BF4B-00C04F79EFBC}") = "Day13", "Day13\Day13.csproj", "{70CDD655-A9B7-45D5-929E-DDE26F9A057F}"
EndProject
Project("{FAE04EC0-301F-11D3-BF4B-00C04F79EFBC}") = "Day14", "Day14\Day14.csproj", "{3D51CE21-811C-4592-82A6-7BA6F2E9022F}"
EndProject
Project("{FAE04EC0-301F-11D3-BF4B-00C04F79EFBC}") = "Day15", "Day15\Day15.csproj", "{95D52E2E-4195-4460-ACF7-445524CB404F}"
EndProject
Project("{FAE04EC0-301F-11D3-BF4B-00C04F79EFBC}") = "Day16", "Day16\Day16.csproj", "{4F8CAC74-D3F4-4C77-AD65-2D0A8BC9CF97}"
EndProject
Project("{FAE04EC0-301F-11D3-BF4B-00C04F79EFBC}") = "Day17", "Day17\Day17.csproj", "{A47C2C9F-6D09-4F64-9724-A3FAC30AA62B}"
EndProject
Project("{FAE04EC0-301F-11D3-BF4B-00C04F79EFBC}") = "Day18", "Day18\Day18.csproj", "{4FDD2E9C-21E6-4926-BFC5-429CD0F1BFB8}"
EndProject
Project("{FAE04EC0-301F-11D3-BF4B-00C04F79EFBC}") = "Day19", "Day19\Day19.csproj", "{E9C37A54-07BA-433E-BAEA-FF600DF3E553}"
EndProject
Project("{FAE04EC0-301F-11D3-BF4B-00C04F79EFBC}") = "Day20", "Day20\Day20.csproj", "{845D27C7-BA00-4575-8E5B-D80CDAB17D04}"
EndProject
Project("{FAE04EC0-301F-11D3-BF4B-00C04F79EFBC}") = "Day21", "Day21\Day21.csproj", "{6B2184D2-32A0-4E5B-A79F-C2DFE6E523E9}"
EndProject
Project("{FAE04EC0-301F-11D3-BF4B-00C04F79EFBC}") = "Day22", "Day22\Day22.csproj", "{49C3DE7E-9DB7-4EF5-A92B-B1563EE0B346}"
EndProject
Global
	GlobalSection(SolutionConfigurationPlatforms) = preSolution
		Debug|Any CPU = Debug|Any CPU
		Release|Any CPU = Release|Any CPU
	EndGlobalSection
	GlobalSection(ProjectConfigurationPlatforms) = postSolution
		{165FD62B-FC30-44A3-B4EC-3883A32E1602}.Debug|Any CPU.ActiveCfg = Debug|Any CPU
		{165FD62B-FC30-44A3-B4EC-3883A32E1602}.Debug|Any CPU.Build.0 = Debug|Any CPU
		{165FD62B-FC30-44A3-B4EC-3883A32E1602}.Release|Any CPU.ActiveCfg = Release|Any CPU
		{165FD62B-FC30-44A3-B4EC-3883A32E1602}.Release|Any CPU.Build.0 = Release|Any CPU
		{53B2761F-1377-4F57-8167-0C3549CEE87E}.Debug|Any CPU.ActiveCfg = Debug|Any CPU
		{53B2761F-1377-4F57-8167-0C3549CEE87E}.Debug|Any CPU.Build.0 = Debug|Any CPU
		{53B2761F-1377-4F57-8167-0C3549CEE87E}.Release|Any CPU.ActiveCfg = Release|Any CPU
		{53B2761F-1377-4F57-8167-0C3549CEE87E}.Release|Any CPU.Build.0 = Release|Any CPU
		{079532CD-1292-4314-BA3D-0E9B8332773F}.Debug|Any CPU.ActiveCfg = Debug|Any CPU
		{079532CD-1292-4314-BA3D-0E9B8332773F}.Debug|Any CPU.Build.0 = Debug|Any CPU
		{079532CD-1292-4314-BA3D-0E9B8332773F}.Release|Any CPU.ActiveCfg = Release|Any CPU
		{079532CD-1292-4314-BA3D-0E9B8332773F}.Release|Any CPU.Build.0 = Release|Any CPU
		{17513EC4-E92D-488D-8C3D-E5FFB8ECFEA8}.Debug|Any CPU.ActiveCfg = Debug|Any CPU
		{17513EC4-E92D-488D-8C3D-E5FFB8ECFEA8}.Debug|Any CPU.Build.0 = Debug|Any CPU
		{17513EC4-E92D-488D-8C3D-E5FFB8ECFEA8}.Release|Any CPU.ActiveCfg = Release|Any CPU
		{17513EC4-E92D-488D-8C3D-E5FFB8ECFEA8}.Release|Any CPU.Build.0 = Release|Any CPU
		{B770C7D7-5D67-4FBF-9185-4CDCFC4CEB44}.Debug|Any CPU.ActiveCfg = Debug|Any CPU
		{B770C7D7-5D67-4FBF-9185-4CDCFC4CEB44}.Debug|Any CPU.Build.0 = Debug|Any CPU
		{B770C7D7-5D67-4FBF-9185-4CDCFC4CEB44}.Release|Any CPU.ActiveCfg = Release|Any CPU
		{B770C7D7-5D67-4FBF-9185-4CDCFC4CEB44}.Release|Any CPU.Build.0 = Release|Any CPU
		{01F11E1E-F166-4A38-A36A-DBC54A7560FA}.Debug|Any CPU.ActiveCfg = Debug|Any CPU
		{01F11E1E-F166-4A38-A36A-DBC54A7560FA}.Debug|Any CPU.Build.0 = Debug|Any CPU
		{01F11E1E-F166-4A38-A36A-DBC54A7560FA}.Release|Any CPU.ActiveCfg = Release|Any CPU
		{01F11E1E-F166-4A38-A36A-DBC54A7560FA}.Release|Any CPU.Build.0 = Release|Any CPU
		{1C822619-2DAC-4760-BABB-1A9825647AC9}.Debug|Any CPU.ActiveCfg = Debug|Any CPU
		{1C822619-2DAC-4760-BABB-1A9825647AC9}.Debug|Any CPU.Build.0 = Debug|Any CPU
		{1C822619-2DAC-4760-BABB-1A9825647AC9}.Release|Any CPU.ActiveCfg = Release|Any CPU
		{1C822619-2DAC-4760-BABB-1A9825647AC9}.Release|Any CPU.Build.0 = Release|Any CPU
		{03348DEA-05D3-43D1-ADBD-AD5025978B0F}.Debug|Any CPU.ActiveCfg = Debug|Any CPU
		{03348DEA-05D3-43D1-ADBD-AD5025978B0F}.Debug|Any CPU.Build.0 = Debug|Any CPU
		{03348DEA-05D3-43D1-ADBD-AD5025978B0F}.Release|Any CPU.ActiveCfg = Release|Any CPU
		{03348DEA-05D3-43D1-ADBD-AD5025978B0F}.Release|Any CPU.Build.0 = Release|Any CPU
		{FBFAFF44-01B5-4FFF-9F13-D58A083E2AF4}.Debug|Any CPU.ActiveCfg = Debug|Any CPU
		{FBFAFF44-01B5-4FFF-9F13-D58A083E2AF4}.Debug|Any CPU.Build.0 = Debug|Any CPU
		{FBFAFF44-01B5-4FFF-9F13-D58A083E2AF4}.Release|Any CPU.ActiveCfg = Release|Any CPU
		{FBFAFF44-01B5-4FFF-9F13-D58A083E2AF4}.Release|Any CPU.Build.0 = Release|Any CPU
		{300C0A30-56AC-4E61-9622-EE5A4E0E83EC}.Debug|Any CPU.ActiveCfg = Debug|Any CPU
		{300C0A30-56AC-4E61-9622-EE5A4E0E83EC}.Debug|Any CPU.Build.0 = Debug|Any CPU
		{300C0A30-56AC-4E61-9622-EE5A4E0E83EC}.Release|Any CPU.ActiveCfg = Release|Any CPU
		{300C0A30-56AC-4E61-9622-EE5A4E0E83EC}.Release|Any CPU.Build.0 = Release|Any CPU
		{D9246D0B-7161-4125-8CF7-FACE4F2C46E3}.Debug|Any CPU.ActiveCfg = Debug|Any CPU
		{D9246D0B-7161-4125-8CF7-FACE4F2C46E3}.Debug|Any CPU.Build.0 = Debug|Any CPU
		{D9246D0B-7161-4125-8CF7-FACE4F2C46E3}.Release|Any CPU.ActiveCfg = Release|Any CPU
		{D9246D0B-7161-4125-8CF7-FACE4F2C46E3}.Release|Any CPU.Build.0 = Release|Any CPU
		{40EE415D-7CFD-4954-8E6F-1FF98A0440A2}.Debug|Any CPU.ActiveCfg = Debug|Any CPU
		{40EE415D-7CFD-4954-8E6F-1FF98A0440A2}.Debug|Any CPU.Build.0 = Debug|Any CPU
		{40EE415D-7CFD-4954-8E6F-1FF98A0440A2}.Release|Any CPU.ActiveCfg = Release|Any CPU
		{40EE415D-7CFD-4954-8E6F-1FF98A0440A2}.Release|Any CPU.Build.0 = Release|Any CPU
		{70CDD655-A9B7-45D5-929E-DDE26F9A057F}.Debug|Any CPU.ActiveCfg = Debug|Any CPU
		{70CDD655-A9B7-45D5-929E-DDE26F9A057F}.Debug|Any CPU.Build.0 = Debug|Any CPU
		{70CDD655-A9B7-45D5-929E-DDE26F9A057F}.Release|Any CPU.ActiveCfg = Release|Any CPU
		{70CDD655-A9B7-45D5-929E-DDE26F9A057F}.Release|Any CPU.Build.0 = Release|Any CPU
		{3D51CE21-811C-4592-82A6-7BA6F2E9022F}.Debug|Any CPU.ActiveCfg = Debug|Any CPU
		{3D51CE21-811C-4592-82A6-7BA6F2E9022F}.Debug|Any CPU.Build.0 = Debug|Any CPU
		{3D51CE21-811C-4592-82A6-7BA6F2E9022F}.Release|Any CPU.ActiveCfg = Release|Any CPU
		{3D51CE21-811C-4592-82A6-7BA6F2E9022F}.Release|Any CPU.Build.0 = Release|Any CPU
		{95D52E2E-4195-4460-ACF7-445524CB404F}.Debug|Any CPU.ActiveCfg = Debug|Any CPU
		{95D52E2E-4195-4460-ACF7-445524CB404F}.Debug|Any CPU.Build.0 = Debug|Any CPU
		{95D52E2E-4195-4460-ACF7-445524CB404F}.Release|Any CPU.ActiveCfg = Release|Any CPU
		{95D52E2E-4195-4460-ACF7-445524CB404F}.Release|Any CPU.Build.0 = Release|Any CPU
		{4F8CAC74-D3F4-4C77-AD65-2D0A8BC9CF97}.Debug|Any CPU.ActiveCfg = Debug|Any CPU
		{4F8CAC74-D3F4-4C77-AD65-2D0A8BC9CF97}.Debug|Any CPU.Build.0 = Debug|Any CPU
		{4F8CAC74-D3F4-4C77-AD65-2D0A8BC9CF97}.Release|Any CPU.ActiveCfg = Release|Any CPU
		{4F8CAC74-D3F4-4C77-AD65-2D0A8BC9CF97}.Release|Any CPU.Build.0 = Release|Any CPU
		{A47C2C9F-6D09-4F64-9724-A3FAC30AA62B}.Debug|Any CPU.ActiveCfg = Debug|Any CPU
		{A47C2C9F-6D09-4F64-9724-A3FAC30AA62B}.Debug|Any CPU.Build.0 = Debug|Any CPU
		{A47C2C9F-6D09-4F64-9724-A3FAC30AA62B}.Release|Any CPU.ActiveCfg = Release|Any CPU
		{A47C2C9F-6D09-4F64-9724-A3FAC30AA62B}.Release|Any CPU.Build.0 = Release|Any CPU
		{4FDD2E9C-21E6-4926-BFC5-429CD0F1BFB8}.Debug|Any CPU.ActiveCfg = Debug|Any CPU
		{4FDD2E9C-21E6-4926-BFC5-429CD0F1BFB8}.Debug|Any CPU.Build.0 = Debug|Any CPU
		{4FDD2E9C-21E6-4926-BFC5-429CD0F1BFB8}.Release|Any CPU.ActiveCfg = Release|Any CPU
		{4FDD2E9C-21E6-4926-BFC5-429CD0F1BFB8}.Release|Any CPU.Build.0 = Release|Any CPU
		{E9C37A54-07BA-433E-BAEA-FF600DF3E553}.Debug|Any CPU.ActiveCfg = Debug|Any CPU
		{E9C37A54-07BA-433E-BAEA-FF600DF3E553}.Debug|Any CPU.Build.0 = Debug|Any CPU
		{E9C37A54-07BA-433E-BAEA-FF600DF3E553}.Release|Any CPU.ActiveCfg = Release|Any CPU
		{E9C37A54-07BA-433E-BAEA-FF600DF3E553}.Release|Any CPU.Build.0 = Release|Any CPU
		{845D27C7-BA00-4575-8E5B-D80CDAB17D04}.Debug|Any CPU.ActiveCfg = Debug|Any CPU
		{845D27C7-BA00-4575-8E5B-D80CDAB17D04}.Debug|Any CPU.Build.0 = Debug|Any CPU
		{845D27C7-BA00-4575-8E5B-D80CDAB17D04}.Release|Any CPU.ActiveCfg = Release|Any CPU
		{845D27C7-BA00-4575-8E5B-D80CDAB17D04}.Release|Any CPU.Build.0 = Release|Any CPU
		{6B2184D2-32A0-4E5B-A79F-C2DFE6E523E9}.Debug|Any CPU.ActiveCfg = Debug|Any CPU
		{6B2184D2-32A0-4E5B-A79F-C2DFE6E523E9}.Debug|Any CPU.Build.0 = Debug|Any CPU
		{6B2184D2-32A0-4E5B-A79F-C2DFE6E523E9}.Release|Any CPU.ActiveCfg = Release|Any CPU
		{6B2184D2-32A0-4E5B-A79F-C2DFE6E523E9}.Release|Any CPU.Build.0 = Release|Any CPU
		{49C3DE7E-9DB7-4EF5-A92B-B1563EE0B346}.Debug|Any CPU.ActiveCfg = Debug|Any CPU
		{49C3DE7E-9DB7-4EF5-A92B-B1563EE0B346}.Debug|Any CPU.Build.0 = Debug|Any CPU
		{49C3DE7E-9DB7-4EF5-A92B-B1563EE0B346}.Release|Any CPU.ActiveCfg = Release|Any CPU
		{49C3DE7E-9DB7-4EF5-A92B-B1563EE0B346}.Release|Any CPU.Build.0 = Release|Any CPU
	EndGlobalSection
	GlobalSection(SolutionProperties) = preSolution
		HideSolutionNode = FALSE
	EndGlobalSection
EndGlobal
